
Microsoft Visual Studio Solution File, Format Version 12.00
# Visual Studio 2013
VisualStudioVersion = 12.0.0.0
MinimumVisualStudioVersion = 10.0.0.1
Project("{FAE04EC0-301F-11D3-BF4B-00C04F79EFBC}") = "Imageflow", "Imageflow/Imageflow.csproj", "{CDC4D36A-3276-45C7-A07D-96D04794F0A0}"
EndProject
Project("{FAE04EC0-301F-11D3-BF4B-00C04F79EFBC}") = "Imageflow.Test", "Imageflow.Test\Imageflow.Test.csproj", "{A3C2406A-8E80-4F0D-97D7-2320207100C7}"
EndProject
Global
	GlobalSection(SolutionConfigurationPlatforms) = preSolution
		Debug|Any CPU = Debug|Any CPU
		Release|Any CPU = Release|Any CPU
	EndGlobalSection
	GlobalSection(ProjectConfigurationPlatforms) = postSolution
		{CDC4D36A-3276-45C7-A07D-96D04794F0A0}.Debug|Any CPU.ActiveCfg = Debug|Any CPU
		{CDC4D36A-3276-45C7-A07D-96D04794F0A0}.Debug|Any CPU.Build.0 = Debug|Any CPU
		{CDC4D36A-3276-45C7-A07D-96D04794F0A0}.Release|Any CPU.ActiveCfg = Release|Any CPU
		{CDC4D36A-3276-45C7-A07D-96D04794F0A0}.Release|Any CPU.Build.0 = Release|Any CPU
		{A3C2406A-8E80-4F0D-97D7-2320207100C7}.Debug|Any CPU.ActiveCfg = Debug|Any CPU
		{A3C2406A-8E80-4F0D-97D7-2320207100C7}.Debug|Any CPU.Build.0 = Debug|Any CPU
		{A3C2406A-8E80-4F0D-97D7-2320207100C7}.Release|Any CPU.ActiveCfg = Release|Any CPU
		{A3C2406A-8E80-4F0D-97D7-2320207100C7}.Release|Any CPU.Build.0 = Release|Any CPU
	EndGlobalSection
	GlobalSection(SolutionProperties) = preSolution
		HideSolutionNode = FALSE
	EndGlobalSection
EndGlobal
