
Microsoft Visual Studio Solution File, Format Version 12.00
# Visual Studio Version 17
VisualStudioVersion = 17.0.31903.59
MinimumVisualStudioVersion = 10.0.40219.1
Project("{2150E333-8FDC-42A3-9474-1A3956D46DE8}") = "native", "native", "{2F2BA0B1-8447-348E-8DA4-622F0257D38B}"
EndProject
Project("{FAE04EC0-301F-11D3-BF4B-00C04F79EFBC}") = "Imageflow.NativeRuntime.win-x86", "native\Imageflow.NativeRuntime.win-x86.csproj", "{0FAAD594-B1F5-4DF0-9A5B-B9B9DB8C1314}"
EndProject
Project("{FAE04EC0-301F-11D3-BF4B-00C04F79EFBC}") = "Imageflow.NativeTool.osx-arm64", "native\Imageflow.NativeTool.osx-arm64.csproj", "{997DB7CE-2A31-4351-824C-AC38759BB2EF}"
EndProject
Project("{FAE04EC0-301F-11D3-BF4B-00C04F79EFBC}") = "Imageflow.NativeRuntime.linux-arm64", "native\Imageflow.NativeRuntime.linux-arm64.csproj", "{269793A3-420A-4B7F-B5FF-044599F26F84}"
EndProject
Project("{FAE04EC0-301F-11D3-BF4B-00C04F79EFBC}") = "Imageflow.NativeTool.linux-arm64", "native\Imageflow.NativeTool.linux-arm64.csproj", "{1D5593A7-5698-48D8-816A-05BBD924D351}"
EndProject
Project("{FAE04EC0-301F-11D3-BF4B-00C04F79EFBC}") = "Imageflow.NativeTool.win-arm64", "native\Imageflow.NativeTool.win-arm64.csproj", "{BCE85672-163A-4D99-9121-57A7B136D7FA}"
EndProject
Project("{FAE04EC0-301F-11D3-BF4B-00C04F79EFBC}") = "Imageflow.NativeRuntime.osx-arm64", "native\Imageflow.NativeRuntime.osx-arm64.csproj", "{86B39FB0-D079-473B-BE29-B5B2CE623BF2}"
EndProject
Project("{FAE04EC0-301F-11D3-BF4B-00C04F79EFBC}") = "Imageflow.NativeTool.win-x86", "native\Imageflow.NativeTool.win-x86.csproj", "{E3E64EA0-E453-48C0-B3B0-BAA64CEC9503}"
EndProject
Project("{FAE04EC0-301F-11D3-BF4B-00C04F79EFBC}") = "Imageflow.NativeRuntime.osx-x64", "native\Imageflow.NativeRuntime.osx-x64.csproj", "{746E78A1-D16B-4757-8A2E-15F5597C359F}"
EndProject
Project("{FAE04EC0-301F-11D3-BF4B-00C04F79EFBC}") = "Imageflow.NativeTool.osx-x64", "native\Imageflow.NativeTool.osx-x64.csproj", "{0EBDB534-31CA-4640-953C-EDB0CF2B3A9C}"
EndProject
Project("{FAE04EC0-301F-11D3-BF4B-00C04F79EFBC}") = "Imageflow.NativeRuntime.linux-x64", "native\Imageflow.NativeRuntime.linux-x64.csproj", "{354C38B6-659D-444F-9904-947E13574721}"
EndProject
Project("{FAE04EC0-301F-11D3-BF4B-00C04F79EFBC}") = "Imageflow.NativeRuntime.win-x64", "native\Imageflow.NativeRuntime.win-x64.csproj", "{903763FC-AF85-491F-981C-9B318DDAA2A9}"
EndProject
Project("{FAE04EC0-301F-11D3-BF4B-00C04F79EFBC}") = "Imageflow.NativeTool.linux-x64", "native\Imageflow.NativeTool.linux-x64.csproj", "{D8F74006-A06E-4EEC-B476-0B181A75CF0D}"
EndProject
Project("{FAE04EC0-301F-11D3-BF4B-00C04F79EFBC}") = "Imageflow.NativeTool.win-x64", "native\Imageflow.NativeTool.win-x64.csproj", "{D2BB2459-20BD-4B4C-AA94-7BBD7CF08A1B}"
EndProject
Project("{2150E333-8FDC-42A3-9474-1A3956D46DE8}") = "meta", "meta", "{37F104CF-1E10-C67E-9627-FA3F51CDABB8}"
EndProject
Project("{FAE04EC0-301F-11D3-BF4B-00C04F79EFBC}") = "Imageflow.EndToEnd.Test", "test\Imageflow.EndToEnd.Test.csproj", "{85620524-7737-4BC1-A655-294EE57DA90E}"
EndProject
Project("{FAE04EC0-301F-11D3-BF4B-00C04F79EFBC}") = "Imageflow.NativeRuntime.ubuntu-x86_64", "native\Imageflow.NativeRuntime.ubuntu-x86_64.csproj", "{9649F987-26B8-4B52-88A0-23ADBC677EAB}"
EndProject
Project("{FAE04EC0-301F-11D3-BF4B-00C04F79EFBC}") = "Imageflow.NativeTool.ubuntu-x86_64", "native\Imageflow.NativeTool.ubuntu-x86_64.csproj", "{03AE5DF2-EAFD-44DA-996C-389F4EF7CB50}"
EndProject
Project("{FAE04EC0-301F-11D3-BF4B-00C04F79EFBC}") = "Imageflow.NativeRuntime.All", "meta\Imageflow.NativeRuntime.All.csproj", "{C912389D-C2C1-4BAD-84AF-090415F917C9}"
EndProject
Project("{FAE04EC0-301F-11D3-BF4B-00C04F79EFBC}") = "Imageflow.Net.All", "meta\Imageflow.Net.All.csproj", "{0B38646F-3D91-443E-AC42-F654B85BA3AC}"
EndProject
Global
	GlobalSection(SolutionConfigurationPlatforms) = preSolution
		Debug|Any CPU = Debug|Any CPU
		Debug|x64 = Debug|x64
		Debug|x86 = Debug|x86
		Release|Any CPU = Release|Any CPU
		Release|x64 = Release|x64
		Release|x86 = Release|x86
	EndGlobalSection
	GlobalSection(ProjectConfigurationPlatforms) = postSolution
		{0FAAD594-B1F5-4DF0-9A5B-B9B9DB8C1314}.Debug|Any CPU.ActiveCfg = Debug|Any CPU
		{0FAAD594-B1F5-4DF0-9A5B-B9B9DB8C1314}.Debug|Any CPU.Build.0 = Debug|Any CPU
		{0FAAD594-B1F5-4DF0-9A5B-B9B9DB8C1314}.Debug|x64.ActiveCfg = Debug|Any CPU
		{0FAAD594-B1F5-4DF0-9A5B-B9B9DB8C1314}.Debug|x64.Build.0 = Debug|Any CPU
		{0FAAD594-B1F5-4DF0-9A5B-B9B9DB8C1314}.Debug|x86.ActiveCfg = Debug|Any CPU
		{0FAAD594-B1F5-4DF0-9A5B-B9B9DB8C1314}.Debug|x86.Build.0 = Debug|Any CPU
		{0FAAD594-B1F5-4DF0-9A5B-B9B9DB8C1314}.Release|Any CPU.ActiveCfg = Release|Any CPU
		{0FAAD594-B1F5-4DF0-9A5B-B9B9DB8C1314}.Release|Any CPU.Build.0 = Release|Any CPU
		{0FAAD594-B1F5-4DF0-9A5B-B9B9DB8C1314}.Release|x64.ActiveCfg = Release|Any CPU
		{0FAAD594-B1F5-4DF0-9A5B-B9B9DB8C1314}.Release|x64.Build.0 = Release|Any CPU
		{0FAAD594-B1F5-4DF0-9A5B-B9B9DB8C1314}.Release|x86.ActiveCfg = Release|Any CPU
		{0FAAD594-B1F5-4DF0-9A5B-B9B9DB8C1314}.Release|x86.Build.0 = Release|Any CPU
		{997DB7CE-2A31-4351-824C-AC38759BB2EF}.Debug|Any CPU.ActiveCfg = Debug|Any CPU
		{997DB7CE-2A31-4351-824C-AC38759BB2EF}.Debug|Any CPU.Build.0 = Debug|Any CPU
		{997DB7CE-2A31-4351-824C-AC38759BB2EF}.Debug|x64.ActiveCfg = Debug|Any CPU
		{997DB7CE-2A31-4351-824C-AC38759BB2EF}.Debug|x64.Build.0 = Debug|Any CPU
		{997DB7CE-2A31-4351-824C-AC38759BB2EF}.Debug|x86.ActiveCfg = Debug|Any CPU
		{997DB7CE-2A31-4351-824C-AC38759BB2EF}.Debug|x86.Build.0 = Debug|Any CPU
		{997DB7CE-2A31-4351-824C-AC38759BB2EF}.Release|Any CPU.ActiveCfg = Release|Any CPU
		{997DB7CE-2A31-4351-824C-AC38759BB2EF}.Release|Any CPU.Build.0 = Release|Any CPU
		{997DB7CE-2A31-4351-824C-AC38759BB2EF}.Release|x64.ActiveCfg = Release|Any CPU
		{997DB7CE-2A31-4351-824C-AC38759BB2EF}.Release|x64.Build.0 = Release|Any CPU
		{997DB7CE-2A31-4351-824C-AC38759BB2EF}.Release|x86.ActiveCfg = Release|Any CPU
		{997DB7CE-2A31-4351-824C-AC38759BB2EF}.Release|x86.Build.0 = Release|Any CPU
		{269793A3-420A-4B7F-B5FF-044599F26F84}.Debug|Any CPU.ActiveCfg = Debug|Any CPU
		{269793A3-420A-4B7F-B5FF-044599F26F84}.Debug|Any CPU.Build.0 = Debug|Any CPU
		{269793A3-420A-4B7F-B5FF-044599F26F84}.Debug|x64.ActiveCfg = Debug|Any CPU
		{269793A3-420A-4B7F-B5FF-044599F26F84}.Debug|x64.Build.0 = Debug|Any CPU
		{269793A3-420A-4B7F-B5FF-044599F26F84}.Debug|x86.ActiveCfg = Debug|Any CPU
		{269793A3-420A-4B7F-B5FF-044599F26F84}.Debug|x86.Build.0 = Debug|Any CPU
		{269793A3-420A-4B7F-B5FF-044599F26F84}.Release|Any CPU.ActiveCfg = Release|Any CPU
		{269793A3-420A-4B7F-B5FF-044599F26F84}.Release|Any CPU.Build.0 = Release|Any CPU
		{269793A3-420A-4B7F-B5FF-044599F26F84}.Release|x64.ActiveCfg = Release|Any CPU
		{269793A3-420A-4B7F-B5FF-044599F26F84}.Release|x64.Build.0 = Release|Any CPU
		{269793A3-420A-4B7F-B5FF-044599F26F84}.Release|x86.ActiveCfg = Release|Any CPU
		{269793A3-420A-4B7F-B5FF-044599F26F84}.Release|x86.Build.0 = Release|Any CPU
		{1D5593A7-5698-48D8-816A-05BBD924D351}.Debug|Any CPU.ActiveCfg = Debug|Any CPU
		{1D5593A7-5698-48D8-816A-05BBD924D351}.Debug|Any CPU.Build.0 = Debug|Any CPU
		{1D5593A7-5698-48D8-816A-05BBD924D351}.Debug|x64.ActiveCfg = Debug|Any CPU
		{1D5593A7-5698-48D8-816A-05BBD924D351}.Debug|x64.Build.0 = Debug|Any CPU
		{1D5593A7-5698-48D8-816A-05BBD924D351}.Debug|x86.ActiveCfg = Debug|Any CPU
		{1D5593A7-5698-48D8-816A-05BBD924D351}.Debug|x86.Build.0 = Debug|Any CPU
		{1D5593A7-5698-48D8-816A-05BBD924D351}.Release|Any CPU.ActiveCfg = Release|Any CPU
		{1D5593A7-5698-48D8-816A-05BBD924D351}.Release|Any CPU.Build.0 = Release|Any CPU
		{1D5593A7-5698-48D8-816A-05BBD924D351}.Release|x64.ActiveCfg = Release|Any CPU
		{1D5593A7-5698-48D8-816A-05BBD924D351}.Release|x64.Build.0 = Release|Any CPU
		{1D5593A7-5698-48D8-816A-05BBD924D351}.Release|x86.ActiveCfg = Release|Any CPU
		{1D5593A7-5698-48D8-816A-05BBD924D351}.Release|x86.Build.0 = Release|Any CPU
		{BCE85672-163A-4D99-9121-57A7B136D7FA}.Debug|Any CPU.ActiveCfg = Debug|Any CPU
		{BCE85672-163A-4D99-9121-57A7B136D7FA}.Debug|Any CPU.Build.0 = Debug|Any CPU
		{BCE85672-163A-4D99-9121-57A7B136D7FA}.Debug|x64.ActiveCfg = Debug|Any CPU
		{BCE85672-163A-4D99-9121-57A7B136D7FA}.Debug|x64.Build.0 = Debug|Any CPU
		{BCE85672-163A-4D99-9121-57A7B136D7FA}.Debug|x86.ActiveCfg = Debug|Any CPU
		{BCE85672-163A-4D99-9121-57A7B136D7FA}.Debug|x86.Build.0 = Debug|Any CPU
		{BCE85672-163A-4D99-9121-57A7B136D7FA}.Release|Any CPU.ActiveCfg = Release|Any CPU
		{BCE85672-163A-4D99-9121-57A7B136D7FA}.Release|Any CPU.Build.0 = Release|Any CPU
		{BCE85672-163A-4D99-9121-57A7B136D7FA}.Release|x64.ActiveCfg = Release|Any CPU
		{BCE85672-163A-4D99-9121-57A7B136D7FA}.Release|x64.Build.0 = Release|Any CPU
		{BCE85672-163A-4D99-9121-57A7B136D7FA}.Release|x86.ActiveCfg = Release|Any CPU
		{BCE85672-163A-4D99-9121-57A7B136D7FA}.Release|x86.Build.0 = Release|Any CPU
		{86B39FB0-D079-473B-BE29-B5B2CE623BF2}.Debug|Any CPU.ActiveCfg = Debug|Any CPU
		{86B39FB0-D079-473B-BE29-B5B2CE623BF2}.Debug|Any CPU.Build.0 = Debug|Any CPU
		{86B39FB0-D079-473B-BE29-B5B2CE623BF2}.Debug|x64.ActiveCfg = Debug|Any CPU
		{86B39FB0-D079-473B-BE29-B5B2CE623BF2}.Debug|x64.Build.0 = Debug|Any CPU
		{86B39FB0-D079-473B-BE29-B5B2CE623BF2}.Debug|x86.ActiveCfg = Debug|Any CPU
		{86B39FB0-D079-473B-BE29-B5B2CE623BF2}.Debug|x86.Build.0 = Debug|Any CPU
		{86B39FB0-D079-473B-BE29-B5B2CE623BF2}.Release|Any CPU.ActiveCfg = Release|Any CPU
		{86B39FB0-D079-473B-BE29-B5B2CE623BF2}.Release|Any CPU.Build.0 = Release|Any CPU
		{86B39FB0-D079-473B-BE29-B5B2CE623BF2}.Release|x64.ActiveCfg = Release|Any CPU
		{86B39FB0-D079-473B-BE29-B5B2CE623BF2}.Release|x64.Build.0 = Release|Any CPU
		{86B39FB0-D079-473B-BE29-B5B2CE623BF2}.Release|x86.ActiveCfg = Release|Any CPU
		{86B39FB0-D079-473B-BE29-B5B2CE623BF2}.Release|x86.Build.0 = Release|Any CPU
		{E3E64EA0-E453-48C0-B3B0-BAA64CEC9503}.Debug|Any CPU.ActiveCfg = Debug|Any CPU
		{E3E64EA0-E453-48C0-B3B0-BAA64CEC9503}.Debug|Any CPU.Build.0 = Debug|Any CPU
		{E3E64EA0-E453-48C0-B3B0-BAA64CEC9503}.Debug|x64.ActiveCfg = Debug|Any CPU
		{E3E64EA0-E453-48C0-B3B0-BAA64CEC9503}.Debug|x64.Build.0 = Debug|Any CPU
		{E3E64EA0-E453-48C0-B3B0-BAA64CEC9503}.Debug|x86.ActiveCfg = Debug|Any CPU
		{E3E64EA0-E453-48C0-B3B0-BAA64CEC9503}.Debug|x86.Build.0 = Debug|Any CPU
		{E3E64EA0-E453-48C0-B3B0-BAA64CEC9503}.Release|Any CPU.ActiveCfg = Release|Any CPU
		{E3E64EA0-E453-48C0-B3B0-BAA64CEC9503}.Release|Any CPU.Build.0 = Release|Any CPU
		{E3E64EA0-E453-48C0-B3B0-BAA64CEC9503}.Release|x64.ActiveCfg = Release|Any CPU
		{E3E64EA0-E453-48C0-B3B0-BAA64CEC9503}.Release|x64.Build.0 = Release|Any CPU
		{E3E64EA0-E453-48C0-B3B0-BAA64CEC9503}.Release|x86.ActiveCfg = Release|Any CPU
		{E3E64EA0-E453-48C0-B3B0-BAA64CEC9503}.Release|x86.Build.0 = Release|Any CPU
		{746E78A1-D16B-4757-8A2E-15F5597C359F}.Debug|Any CPU.ActiveCfg = Debug|Any CPU
		{746E78A1-D16B-4757-8A2E-15F5597C359F}.Debug|Any CPU.Build.0 = Debug|Any CPU
		{746E78A1-D16B-4757-8A2E-15F5597C359F}.Debug|x64.ActiveCfg = Debug|Any CPU
		{746E78A1-D16B-4757-8A2E-15F5597C359F}.Debug|x64.Build.0 = Debug|Any CPU
		{746E78A1-D16B-4757-8A2E-15F5597C359F}.Debug|x86.ActiveCfg = Debug|Any CPU
		{746E78A1-D16B-4757-8A2E-15F5597C359F}.Debug|x86.Build.0 = Debug|Any CPU
		{746E78A1-D16B-4757-8A2E-15F5597C359F}.Release|Any CPU.ActiveCfg = Release|Any CPU
		{746E78A1-D16B-4757-8A2E-15F5597C359F}.Release|Any CPU.Build.0 = Release|Any CPU
		{746E78A1-D16B-4757-8A2E-15F5597C359F}.Release|x64.ActiveCfg = Release|Any CPU
		{746E78A1-D16B-4757-8A2E-15F5597C359F}.Release|x64.Build.0 = Release|Any CPU
		{746E78A1-D16B-4757-8A2E-15F5597C359F}.Release|x86.ActiveCfg = Release|Any CPU
		{746E78A1-D16B-4757-8A2E-15F5597C359F}.Release|x86.Build.0 = Release|Any CPU
		{0EBDB534-31CA-4640-953C-EDB0CF2B3A9C}.Debug|Any CPU.ActiveCfg = Debug|Any CPU
		{0EBDB534-31CA-4640-953C-EDB0CF2B3A9C}.Debug|Any CPU.Build.0 = Debug|Any CPU
		{0EBDB534-31CA-4640-953C-EDB0CF2B3A9C}.Debug|x64.ActiveCfg = Debug|Any CPU
		{0EBDB534-31CA-4640-953C-EDB0CF2B3A9C}.Debug|x64.Build.0 = Debug|Any CPU
		{0EBDB534-31CA-4640-953C-EDB0CF2B3A9C}.Debug|x86.ActiveCfg = Debug|Any CPU
		{0EBDB534-31CA-4640-953C-EDB0CF2B3A9C}.Debug|x86.Build.0 = Debug|Any CPU
		{0EBDB534-31CA-4640-953C-EDB0CF2B3A9C}.Release|Any CPU.ActiveCfg = Release|Any CPU
		{0EBDB534-31CA-4640-953C-EDB0CF2B3A9C}.Release|Any CPU.Build.0 = Release|Any CPU
		{0EBDB534-31CA-4640-953C-EDB0CF2B3A9C}.Release|x64.ActiveCfg = Release|Any CPU
		{0EBDB534-31CA-4640-953C-EDB0CF2B3A9C}.Release|x64.Build.0 = Release|Any CPU
		{0EBDB534-31CA-4640-953C-EDB0CF2B3A9C}.Release|x86.ActiveCfg = Release|Any CPU
		{0EBDB534-31CA-4640-953C-EDB0CF2B3A9C}.Release|x86.Build.0 = Release|Any CPU
		{354C38B6-659D-444F-9904-947E13574721}.Debug|Any CPU.ActiveCfg = Debug|Any CPU
		{354C38B6-659D-444F-9904-947E13574721}.Debug|Any CPU.Build.0 = Debug|Any CPU
		{354C38B6-659D-444F-9904-947E13574721}.Debug|x64.ActiveCfg = Debug|Any CPU
		{354C38B6-659D-444F-9904-947E13574721}.Debug|x64.Build.0 = Debug|Any CPU
		{354C38B6-659D-444F-9904-947E13574721}.Debug|x86.ActiveCfg = Debug|Any CPU
		{354C38B6-659D-444F-9904-947E13574721}.Debug|x86.Build.0 = Debug|Any CPU
		{354C38B6-659D-444F-9904-947E13574721}.Release|Any CPU.ActiveCfg = Release|Any CPU
		{354C38B6-659D-444F-9904-947E13574721}.Release|Any CPU.Build.0 = Release|Any CPU
		{354C38B6-659D-444F-9904-947E13574721}.Release|x64.ActiveCfg = Release|Any CPU
		{354C38B6-659D-444F-9904-947E13574721}.Release|x64.Build.0 = Release|Any CPU
		{354C38B6-659D-444F-9904-947E13574721}.Release|x86.ActiveCfg = Release|Any CPU
		{354C38B6-659D-444F-9904-947E13574721}.Release|x86.Build.0 = Release|Any CPU
		{903763FC-AF85-491F-981C-9B318DDAA2A9}.Debug|Any CPU.ActiveCfg = Debug|Any CPU
		{903763FC-AF85-491F-981C-9B318DDAA2A9}.Debug|Any CPU.Build.0 = Debug|Any CPU
		{903763FC-AF85-491F-981C-9B318DDAA2A9}.Debug|x64.ActiveCfg = Debug|Any CPU
		{903763FC-AF85-491F-981C-9B318DDAA2A9}.Debug|x64.Build.0 = Debug|Any CPU
		{903763FC-AF85-491F-981C-9B318DDAA2A9}.Debug|x86.ActiveCfg = Debug|Any CPU
		{903763FC-AF85-491F-981C-9B318DDAA2A9}.Debug|x86.Build.0 = Debug|Any CPU
		{903763FC-AF85-491F-981C-9B318DDAA2A9}.Release|Any CPU.ActiveCfg = Release|Any CPU
		{903763FC-AF85-491F-981C-9B318DDAA2A9}.Release|Any CPU.Build.0 = Release|Any CPU
		{903763FC-AF85-491F-981C-9B318DDAA2A9}.Release|x64.ActiveCfg = Release|Any CPU
		{903763FC-AF85-491F-981C-9B318DDAA2A9}.Release|x64.Build.0 = Release|Any CPU
		{903763FC-AF85-491F-981C-9B318DDAA2A9}.Release|x86.ActiveCfg = Release|Any CPU
		{903763FC-AF85-491F-981C-9B318DDAA2A9}.Release|x86.Build.0 = Release|Any CPU
		{D8F74006-A06E-4EEC-B476-0B181A75CF0D}.Debug|Any CPU.ActiveCfg = Debug|Any CPU
		{D8F74006-A06E-4EEC-B476-0B181A75CF0D}.Debug|Any CPU.Build.0 = Debug|Any CPU
		{D8F74006-A06E-4EEC-B476-0B181A75CF0D}.Debug|x64.ActiveCfg = Debug|Any CPU
		{D8F74006-A06E-4EEC-B476-0B181A75CF0D}.Debug|x64.Build.0 = Debug|Any CPU
		{D8F74006-A06E-4EEC-B476-0B181A75CF0D}.Debug|x86.ActiveCfg = Debug|Any CPU
		{D8F74006-A06E-4EEC-B476-0B181A75CF0D}.Debug|x86.Build.0 = Debug|Any CPU
		{D8F74006-A06E-4EEC-B476-0B181A75CF0D}.Release|Any CPU.ActiveCfg = Release|Any CPU
		{D8F74006-A06E-4EEC-B476-0B181A75CF0D}.Release|Any CPU.Build.0 = Release|Any CPU
		{D8F74006-A06E-4EEC-B476-0B181A75CF0D}.Release|x64.ActiveCfg = Release|Any CPU
		{D8F74006-A06E-4EEC-B476-0B181A75CF0D}.Release|x64.Build.0 = Release|Any CPU
		{D8F74006-A06E-4EEC-B476-0B181A75CF0D}.Release|x86.ActiveCfg = Release|Any CPU
		{D8F74006-A06E-4EEC-B476-0B181A75CF0D}.Release|x86.Build.0 = Release|Any CPU
		{D2BB2459-20BD-4B4C-AA94-7BBD7CF08A1B}.Debug|Any CPU.ActiveCfg = Debug|Any CPU
		{D2BB2459-20BD-4B4C-AA94-7BBD7CF08A1B}.Debug|Any CPU.Build.0 = Debug|Any CPU
		{D2BB2459-20BD-4B4C-AA94-7BBD7CF08A1B}.Debug|x64.ActiveCfg = Debug|Any CPU
		{D2BB2459-20BD-4B4C-AA94-7BBD7CF08A1B}.Debug|x64.Build.0 = Debug|Any CPU
		{D2BB2459-20BD-4B4C-AA94-7BBD7CF08A1B}.Debug|x86.ActiveCfg = Debug|Any CPU
		{D2BB2459-20BD-4B4C-AA94-7BBD7CF08A1B}.Debug|x86.Build.0 = Debug|Any CPU
		{D2BB2459-20BD-4B4C-AA94-7BBD7CF08A1B}.Release|Any CPU.ActiveCfg = Release|Any CPU
		{D2BB2459-20BD-4B4C-AA94-7BBD7CF08A1B}.Release|Any CPU.Build.0 = Release|Any CPU
		{D2BB2459-20BD-4B4C-AA94-7BBD7CF08A1B}.Release|x64.ActiveCfg = Release|Any CPU
		{D2BB2459-20BD-4B4C-AA94-7BBD7CF08A1B}.Release|x64.Build.0 = Release|Any CPU
		{D2BB2459-20BD-4B4C-AA94-7BBD7CF08A1B}.Release|x86.ActiveCfg = Release|Any CPU
		{D2BB2459-20BD-4B4C-AA94-7BBD7CF08A1B}.Release|x86.Build.0 = Release|Any CPU
		{85620524-7737-4BC1-A655-294EE57DA90E}.Debug|Any CPU.ActiveCfg = Debug|Any CPU
		{85620524-7737-4BC1-A655-294EE57DA90E}.Debug|Any CPU.Build.0 = Debug|Any CPU
		{85620524-7737-4BC1-A655-294EE57DA90E}.Debug|x64.ActiveCfg = Debug|Any CPU
		{85620524-7737-4BC1-A655-294EE57DA90E}.Debug|x64.Build.0 = Debug|Any CPU
		{85620524-7737-4BC1-A655-294EE57DA90E}.Debug|x86.ActiveCfg = Debug|Any CPU
		{85620524-7737-4BC1-A655-294EE57DA90E}.Debug|x86.Build.0 = Debug|Any CPU
		{85620524-7737-4BC1-A655-294EE57DA90E}.Release|Any CPU.ActiveCfg = Release|Any CPU
		{85620524-7737-4BC1-A655-294EE57DA90E}.Release|Any CPU.Build.0 = Release|Any CPU
		{85620524-7737-4BC1-A655-294EE57DA90E}.Release|x64.ActiveCfg = Release|Any CPU
		{85620524-7737-4BC1-A655-294EE57DA90E}.Release|x64.Build.0 = Release|Any CPU
		{85620524-7737-4BC1-A655-294EE57DA90E}.Release|x86.ActiveCfg = Release|Any CPU
		{85620524-7737-4BC1-A655-294EE57DA90E}.Release|x86.Build.0 = Release|Any CPU
		{9649F987-26B8-4B52-88A0-23ADBC677EAB}.Debug|Any CPU.ActiveCfg = Debug|Any CPU
		{9649F987-26B8-4B52-88A0-23ADBC677EAB}.Debug|Any CPU.Build.0 = Debug|Any CPU
		{9649F987-26B8-4B52-88A0-23ADBC677EAB}.Debug|x64.ActiveCfg = Debug|Any CPU
		{9649F987-26B8-4B52-88A0-23ADBC677EAB}.Debug|x64.Build.0 = Debug|Any CPU
		{9649F987-26B8-4B52-88A0-23ADBC677EAB}.Debug|x86.ActiveCfg = Debug|Any CPU
		{9649F987-26B8-4B52-88A0-23ADBC677EAB}.Debug|x86.Build.0 = Debug|Any CPU
		{9649F987-26B8-4B52-88A0-23ADBC677EAB}.Release|Any CPU.ActiveCfg = Release|Any CPU
		{9649F987-26B8-4B52-88A0-23ADBC677EAB}.Release|Any CPU.Build.0 = Release|Any CPU
		{9649F987-26B8-4B52-88A0-23ADBC677EAB}.Release|x64.ActiveCfg = Release|Any CPU
		{9649F987-26B8-4B52-88A0-23ADBC677EAB}.Release|x64.Build.0 = Release|Any CPU
		{9649F987-26B8-4B52-88A0-23ADBC677EAB}.Release|x86.ActiveCfg = Release|Any CPU
		{9649F987-26B8-4B52-88A0-23ADBC677EAB}.Release|x86.Build.0 = Release|Any CPU
		{03AE5DF2-EAFD-44DA-996C-389F4EF7CB50}.Debug|Any CPU.ActiveCfg = Debug|Any CPU
		{03AE5DF2-EAFD-44DA-996C-389F4EF7CB50}.Debug|Any CPU.Build.0 = Debug|Any CPU
		{03AE5DF2-EAFD-44DA-996C-389F4EF7CB50}.Debug|x64.ActiveCfg = Debug|Any CPU
		{03AE5DF2-EAFD-44DA-996C-389F4EF7CB50}.Debug|x64.Build.0 = Debug|Any CPU
		{03AE5DF2-EAFD-44DA-996C-389F4EF7CB50}.Debug|x86.ActiveCfg = Debug|Any CPU
		{03AE5DF2-EAFD-44DA-996C-389F4EF7CB50}.Debug|x86.Build.0 = Debug|Any CPU
		{03AE5DF2-EAFD-44DA-996C-389F4EF7CB50}.Release|Any CPU.ActiveCfg = Release|Any CPU
		{03AE5DF2-EAFD-44DA-996C-389F4EF7CB50}.Release|Any CPU.Build.0 = Release|Any CPU
		{03AE5DF2-EAFD-44DA-996C-389F4EF7CB50}.Release|x64.ActiveCfg = Release|Any CPU
		{03AE5DF2-EAFD-44DA-996C-389F4EF7CB50}.Release|x64.Build.0 = Release|Any CPU
		{03AE5DF2-EAFD-44DA-996C-389F4EF7CB50}.Release|x86.ActiveCfg = Release|Any CPU
		{03AE5DF2-EAFD-44DA-996C-389F4EF7CB50}.Release|x86.Build.0 = Release|Any CPU
		{C912389D-C2C1-4BAD-84AF-090415F917C9}.Debug|Any CPU.ActiveCfg = Debug|Any CPU
		{C912389D-C2C1-4BAD-84AF-090415F917C9}.Debug|Any CPU.Build.0 = Debug|Any CPU
		{C912389D-C2C1-4BAD-84AF-090415F917C9}.Debug|x64.ActiveCfg = Debug|Any CPU
		{C912389D-C2C1-4BAD-84AF-090415F917C9}.Debug|x64.Build.0 = Debug|Any CPU
		{C912389D-C2C1-4BAD-84AF-090415F917C9}.Debug|x86.ActiveCfg = Debug|Any CPU
		{C912389D-C2C1-4BAD-84AF-090415F917C9}.Debug|x86.Build.0 = Debug|Any CPU
		{C912389D-C2C1-4BAD-84AF-090415F917C9}.Release|Any CPU.ActiveCfg = Release|Any CPU
		{C912389D-C2C1-4BAD-84AF-090415F917C9}.Release|Any CPU.Build.0 = Release|Any CPU
		{C912389D-C2C1-4BAD-84AF-090415F917C9}.Release|x64.ActiveCfg = Release|Any CPU
		{C912389D-C2C1-4BAD-84AF-090415F917C9}.Release|x64.Build.0 = Release|Any CPU
		{C912389D-C2C1-4BAD-84AF-090415F917C9}.Release|x86.ActiveCfg = Release|Any CPU
		{C912389D-C2C1-4BAD-84AF-090415F917C9}.Release|x86.Build.0 = Release|Any CPU
		{0B38646F-3D91-443E-AC42-F654B85BA3AC}.Debug|Any CPU.ActiveCfg = Debug|Any CPU
		{0B38646F-3D91-443E-AC42-F654B85BA3AC}.Debug|Any CPU.Build.0 = Debug|Any CPU
		{0B38646F-3D91-443E-AC42-F654B85BA3AC}.Debug|x64.ActiveCfg = Debug|Any CPU
		{0B38646F-3D91-443E-AC42-F654B85BA3AC}.Debug|x64.Build.0 = Debug|Any CPU
		{0B38646F-3D91-443E-AC42-F654B85BA3AC}.Debug|x86.ActiveCfg = Debug|Any CPU
		{0B38646F-3D91-443E-AC42-F654B85BA3AC}.Debug|x86.Build.0 = Debug|Any CPU
		{0B38646F-3D91-443E-AC42-F654B85BA3AC}.Release|Any CPU.ActiveCfg = Release|Any CPU
		{0B38646F-3D91-443E-AC42-F654B85BA3AC}.Release|Any CPU.Build.0 = Release|Any CPU
		{0B38646F-3D91-443E-AC42-F654B85BA3AC}.Release|x64.ActiveCfg = Release|Any CPU
		{0B38646F-3D91-443E-AC42-F654B85BA3AC}.Release|x64.Build.0 = Release|Any CPU
		{0B38646F-3D91-443E-AC42-F654B85BA3AC}.Release|x86.ActiveCfg = Release|Any CPU
		{0B38646F-3D91-443E-AC42-F654B85BA3AC}.Release|x86.Build.0 = Release|Any CPU
	EndGlobalSection
	GlobalSection(SolutionProperties) = preSolution
		HideSolutionNode = FALSE
	EndGlobalSection
	GlobalSection(NestedProjects) = preSolution
		{0FAAD594-B1F5-4DF0-9A5B-B9B9DB8C1314} = {2F2BA0B1-8447-348E-8DA4-622F0257D38B}
		{997DB7CE-2A31-4351-824C-AC38759BB2EF} = {2F2BA0B1-8447-348E-8DA4-622F0257D38B}
		{269793A3-420A-4B7F-B5FF-044599F26F84} = {2F2BA0B1-8447-348E-8DA4-622F0257D38B}
		{1D5593A7-5698-48D8-816A-05BBD924D351} = {2F2BA0B1-8447-348E-8DA4-622F0257D38B}
		{BCE85672-163A-4D99-9121-57A7B136D7FA} = {2F2BA0B1-8447-348E-8DA4-622F0257D38B}
		{86B39FB0-D079-473B-BE29-B5B2CE623BF2} = {2F2BA0B1-8447-348E-8DA4-622F0257D38B}
		{E3E64EA0-E453-48C0-B3B0-BAA64CEC9503} = {2F2BA0B1-8447-348E-8DA4-622F0257D38B}
		{746E78A1-D16B-4757-8A2E-15F5597C359F} = {2F2BA0B1-8447-348E-8DA4-622F0257D38B}
		{0EBDB534-31CA-4640-953C-EDB0CF2B3A9C} = {2F2BA0B1-8447-348E-8DA4-622F0257D38B}
		{354C38B6-659D-444F-9904-947E13574721} = {2F2BA0B1-8447-348E-8DA4-622F0257D38B}
		{903763FC-AF85-491F-981C-9B318DDAA2A9} = {2F2BA0B1-8447-348E-8DA4-622F0257D38B}
		{D8F74006-A06E-4EEC-B476-0B181A75CF0D} = {2F2BA0B1-8447-348E-8DA4-622F0257D38B}
		{D2BB2459-20BD-4B4C-AA94-7BBD7CF08A1B} = {2F2BA0B1-8447-348E-8DA4-622F0257D38B}
		{85620524-7737-4BC1-A655-294EE57DA90E} = {37F104CF-1E10-C67E-9627-FA3F51CDABB8}
		{9649F987-26B8-4B52-88A0-23ADBC677EAB} = {2F2BA0B1-8447-348E-8DA4-622F0257D38B}
		{03AE5DF2-EAFD-44DA-996C-389F4EF7CB50} = {2F2BA0B1-8447-348E-8DA4-622F0257D38B}
		{C912389D-C2C1-4BAD-84AF-090415F917C9} = {37F104CF-1E10-C67E-9627-FA3F51CDABB8}
		{0B38646F-3D91-443E-AC42-F654B85BA3AC} = {37F104CF-1E10-C67E-9627-FA3F51CDABB8}
	EndGlobalSection
EndGlobal
